// !$*UTF8*$!
{
	archiveVersion = 1;
	classes = {
	};
	objectVersion = 50;
	objects = {

/* Begin PBXBuildFile section */
		C5368F3322FFC05C0053AA12 /* 22-TheOrderOfStack.swift in Sources */ = {isa = PBXBuildFile; fileRef = C5368F3222FFC05C0053AA12 /* 22-TheOrderOfStack.swift */; };
		C5368F35230005660053AA12 /* 21-LevelTravelsal.swift in Sources */ = {isa = PBXBuildFile; fileRef = C5368F34230005660053AA12 /* 21-LevelTravelsal.swift */; };
		C5368F3723000FAD0053AA12 /* 24-PostOrderOfBinarySearchTree.swift in Sources */ = {isa = PBXBuildFile; fileRef = C5368F3623000FAD0053AA12 /* 24-PostOrderOfBinarySearchTree.swift */; };
		C5368F97230060970053AA12 /* 59-SymmetricalTree.swift in Sources */ = {isa = PBXBuildFile; fileRef = C5368F96230060970053AA12 /* 59-SymmetricalTree.swift */; };
		C5385F2C22FE439700B5110C /* PrintListFormTailToHead.swift in Sources */ = {isa = PBXBuildFile; fileRef = C5385F2B22FE439700B5110C /* PrintListFormTailToHead.swift */; };
		C5385F2E22FE4B6B00B5110C /* RebuildBinaryTree.swift in Sources */ = {isa = PBXBuildFile; fileRef = C5385F2D22FE4B6B00B5110C /* RebuildBinaryTree.swift */; };
		C556221622FC6785000A8C0C /* main.swift in Sources */ = {isa = PBXBuildFile; fileRef = C556221522FC6785000A8C0C /* main.swift */; };
		C556221D22FC7519000A8C0C /* ReplaceSpace.swift in Sources */ = {isa = PBXBuildFile; fileRef = C556221C22FC7519000A8C0C /* ReplaceSpace.swift */; };
		C5A676BD22FEE5D8003A2BD4 /* 03-FindTargetInArray.swift in Sources */ = {isa = PBXBuildFile; fileRef = C5A676BC22FEE5D8003A2BD4 /* 03-FindTargetInArray.swift */; };
		C5A676BF22FEE95C003A2BD4 /* 14-ReOrderArray.swift in Sources */ = {isa = PBXBuildFile; fileRef = C5A676BE22FEE95C003A2BD4 /* 14-ReOrderArray.swift */; };
		C5A676C122FEF6C6003A2BD4 /* 15-FindKthNodeToTail.swift in Sources */ = {isa = PBXBuildFile; fileRef = C5A676C022FEF6C6003A2BD4 /* 15-FindKthNodeToTail.swift */; };
		C5A676C322FF012C003A2BD4 /* 16-ReverseList.swift in Sources */ = {isa = PBXBuildFile; fileRef = C5A676C222FF012C003A2BD4 /* 16-ReverseList.swift */; };
		C5A676C522FF9CE9003A2BD4 /* 17-MergeSortedList.swift in Sources */ = {isa = PBXBuildFile; fileRef = C5A676C422FF9CE9003A2BD4 /* 17-MergeSortedList.swift */; };
		C5A676C722FFA185003A2BD4 /* 18-SubstructureOfTree.swift in Sources */ = {isa = PBXBuildFile; fileRef = C5A676C622FFA185003A2BD4 /* 18-SubstructureOfTree.swift */; };
		C5A676C922FFA654003A2BD4 /* 19-MirrorOfBinaryTree.swift in Sources */ = {isa = PBXBuildFile; fileRef = C5A676C822FFA654003A2BD4 /* 19-MirrorOfBinaryTree.swift */; };
		C5A676CB22FFAC5C003A2BD4 /* 20-PrintMatrix.swift in Sources */ = {isa = PBXBuildFile; fileRef = C5A676CA22FFAC5C003A2BD4 /* 20-PrintMatrix.swift */; };
		C5A676CD22FFAE44003A2BD4 /* 21- minFunctionOfStack.swift in Sources */ = {isa = PBXBuildFile; fileRef = C5A676CC22FFAE44003A2BD4 /* 21- minFunctionOfStack.swift */; };
		C5CD92AE2302C02F0099378B /* 26-ComplexListNodeClone.swift in Sources */ = {isa = PBXBuildFile; fileRef = C5CD92AD2302C02F0099378B /* 26-ComplexListNodeClone.swift */; };
		C5D9F83422FE7BB5004FD801 /* UseStackImpQueue.swift in Sources */ = {isa = PBXBuildFile; fileRef = C5D9F83322FE7BB5004FD801 /* UseStackImpQueue.swift */; };
		C5D9F83622FE8108004FD801 /* MinNumInRotateArray.swift in Sources */ = {isa = PBXBuildFile; fileRef = C5D9F83522FE8108004FD801 /* MinNumInRotateArray.swift */; };
		C5D9F83822FE83D4004FD801 /* Fibonacci.swift in Sources */ = {isa = PBXBuildFile; fileRef = C5D9F83722FE83D4004FD801 /* Fibonacci.swift */; };
		C5D9F83A22FE86EB004FD801 /* CountOfOneInBinary.swift in Sources */ = {isa = PBXBuildFile; fileRef = C5D9F83922FE86EB004FD801 /* CountOfOneInBinary.swift */; };
		C5D9F83C22FE9B84004FD801 /* Power.swift in Sources */ = {isa = PBXBuildFile; fileRef = C5D9F83B22FE9B84004FD801 /* Power.swift */; };
		C5D9F83E22FEABB3004FD801 /* PrintMaxNList.swift in Sources */ = {isa = PBXBuildFile; fileRef = C5D9F83D22FEABB3004FD801 /* PrintMaxNList.swift */; };
/* End PBXBuildFile section */

/* Begin PBXCopyFilesBuildPhase section */
		C556221022FC6785000A8C0C /* CopyFiles */ = {
			isa = PBXCopyFilesBuildPhase;
			buildActionMask = 2147483647;
			dstPath = /usr/share/man/man1/;
			dstSubfolderSpec = 0;
			files = (
			);
			runOnlyForDeploymentPostprocessing = 1;
		};
/* End PBXCopyFilesBuildPhase section */

/* Begin PBXFileReference section */
		C5368F3222FFC05C0053AA12 /* 22-TheOrderOfStack.swift */ = {isa = PBXFileReference; lastKnownFileType = sourcecode.swift; path = "22-TheOrderOfStack.swift"; sourceTree = "<group>"; };
		C5368F34230005660053AA12 /* 21-LevelTravelsal.swift */ = {isa = PBXFileReference; lastKnownFileType = sourcecode.swift; path = "21-LevelTravelsal.swift"; sourceTree = "<group>"; };
		C5368F3623000FAD0053AA12 /* 24-PostOrderOfBinarySearchTree.swift */ = {isa = PBXFileReference; lastKnownFileType = sourcecode.swift; path = "24-PostOrderOfBinarySearchTree.swift"; sourceTree = "<group>"; };
		C5368F96230060970053AA12 /* 59-SymmetricalTree.swift */ = {isa = PBXFileReference; lastKnownFileType = sourcecode.swift; path = "59-SymmetricalTree.swift"; sourceTree = "<group>"; };
		C5385F2B22FE439700B5110C /* PrintListFormTailToHead.swift */ = {isa = PBXFileReference; lastKnownFileType = sourcecode.swift; path = PrintListFormTailToHead.swift; sourceTree = "<group>"; };
		C5385F2D22FE4B6B00B5110C /* RebuildBinaryTree.swift */ = {isa = PBXFileReference; lastKnownFileType = sourcecode.swift; path = RebuildBinaryTree.swift; sourceTree = "<group>"; };
		C556221222FC6785000A8C0C /* CodingInterViews */ = {isa = PBXFileReference; explicitFileType = "compiled.mach-o.executable"; includeInIndex = 0; path = CodingInterViews; sourceTree = BUILT_PRODUCTS_DIR; };
		C556221522FC6785000A8C0C /* main.swift */ = {isa = PBXFileReference; lastKnownFileType = sourcecode.swift; path = main.swift; sourceTree = "<group>"; };
		C556221C22FC7519000A8C0C /* ReplaceSpace.swift */ = {isa = PBXFileReference; lastKnownFileType = sourcecode.swift; path = ReplaceSpace.swift; sourceTree = "<group>"; };
		C5A676BC22FEE5D8003A2BD4 /* 03-FindTargetInArray.swift */ = {isa = PBXFileReference; lastKnownFileType = sourcecode.swift; path = "03-FindTargetInArray.swift"; sourceTree = "<group>"; };
		C5A676BE22FEE95C003A2BD4 /* 14-ReOrderArray.swift */ = {isa = PBXFileReference; lastKnownFileType = sourcecode.swift; path = "14-ReOrderArray.swift"; sourceTree = "<group>"; };
		C5A676C022FEF6C6003A2BD4 /* 15-FindKthNodeToTail.swift */ = {isa = PBXFileReference; lastKnownFileType = sourcecode.swift; path = "15-FindKthNodeToTail.swift"; sourceTree = "<group>"; };
		C5A676C222FF012C003A2BD4 /* 16-ReverseList.swift */ = {isa = PBXFileReference; lastKnownFileType = sourcecode.swift; path = "16-ReverseList.swift"; sourceTree = "<group>"; };
		C5A676C422FF9CE9003A2BD4 /* 17-MergeSortedList.swift */ = {isa = PBXFileReference; lastKnownFileType = sourcecode.swift; path = "17-MergeSortedList.swift"; sourceTree = "<group>"; };
		C5A676C622FFA185003A2BD4 /* 18-SubstructureOfTree.swift */ = {isa = PBXFileReference; lastKnownFileType = sourcecode.swift; path = "18-SubstructureOfTree.swift"; sourceTree = "<group>"; };
		C5A676C822FFA654003A2BD4 /* 19-MirrorOfBinaryTree.swift */ = {isa = PBXFileReference; lastKnownFileType = sourcecode.swift; path = "19-MirrorOfBinaryTree.swift"; sourceTree = "<group>"; };
		C5A676CA22FFAC5C003A2BD4 /* 20-PrintMatrix.swift */ = {isa = PBXFileReference; lastKnownFileType = sourcecode.swift; path = "20-PrintMatrix.swift"; sourceTree = "<group>"; };
		C5A676CC22FFAE44003A2BD4 /* 21- minFunctionOfStack.swift */ = {isa = PBXFileReference; lastKnownFileType = sourcecode.swift; path = "21- minFunctionOfStack.swift"; sourceTree = "<group>"; };
		C5CD92AD2302C02F0099378B /* 26-ComplexListNodeClone.swift */ = {isa = PBXFileReference; lastKnownFileType = sourcecode.swift; path = "26-ComplexListNodeClone.swift"; sourceTree = "<group>"; };
		C5D9F83322FE7BB5004FD801 /* UseStackImpQueue.swift */ = {isa = PBXFileReference; lastKnownFileType = sourcecode.swift; path = UseStackImpQueue.swift; sourceTree = "<group>"; };
		C5D9F83522FE8108004FD801 /* MinNumInRotateArray.swift */ = {isa = PBXFileReference; lastKnownFileType = sourcecode.swift; path = MinNumInRotateArray.swift; sourceTree = "<group>"; };
		C5D9F83722FE83D4004FD801 /* Fibonacci.swift */ = {isa = PBXFileReference; lastKnownFileType = sourcecode.swift; path = Fibonacci.swift; sourceTree = "<group>"; };
		C5D9F83922FE86EB004FD801 /* CountOfOneInBinary.swift */ = {isa = PBXFileReference; lastKnownFileType = sourcecode.swift; path = CountOfOneInBinary.swift; sourceTree = "<group>"; };
		C5D9F83B22FE9B84004FD801 /* Power.swift */ = {isa = PBXFileReference; lastKnownFileType = sourcecode.swift; path = Power.swift; sourceTree = "<group>"; };
		C5D9F83D22FEABB3004FD801 /* PrintMaxNList.swift */ = {isa = PBXFileReference; lastKnownFileType = sourcecode.swift; path = PrintMaxNList.swift; sourceTree = "<group>"; };
/* End PBXFileReference section */

/* Begin PBXFrameworksBuildPhase section */
		C556220F22FC6785000A8C0C /* Frameworks */ = {
			isa = PBXFrameworksBuildPhase;
			buildActionMask = 2147483647;
			files = (
			);
			runOnlyForDeploymentPostprocessing = 0;
		};
/* End PBXFrameworksBuildPhase section */

/* Begin PBXGroup section */
		C556220922FC6785000A8C0C = {
			isa = PBXGroup;
			children = (
				C556221422FC6785000A8C0C /* CodingInterViews */,
				C556221322FC6785000A8C0C /* Products */,
			);
			sourceTree = "<group>";
		};
		C556221322FC6785000A8C0C /* Products */ = {
			isa = PBXGroup;
			children = (
				C556221222FC6785000A8C0C /* CodingInterViews */,
			);
			name = Products;
			sourceTree = "<group>";
		};
		C556221422FC6785000A8C0C /* CodingInterViews */ = {
			isa = PBXGroup;
			children = (
				C5A676BC22FEE5D8003A2BD4 /* 03-FindTargetInArray.swift */,
				C5A676BE22FEE95C003A2BD4 /* 14-ReOrderArray.swift */,
				C5A676C022FEF6C6003A2BD4 /* 15-FindKthNodeToTail.swift */,
				C5A676C222FF012C003A2BD4 /* 16-ReverseList.swift */,
				C5A676C422FF9CE9003A2BD4 /* 17-MergeSortedList.swift */,
				C5A676C622FFA185003A2BD4 /* 18-SubstructureOfTree.swift */,
				C5A676C822FFA654003A2BD4 /* 19-MirrorOfBinaryTree.swift */,
				C5A676CA22FFAC5C003A2BD4 /* 20-PrintMatrix.swift */,
				C5A676CC22FFAE44003A2BD4 /* 21- minFunctionOfStack.swift */,
				C5368F3222FFC05C0053AA12 /* 22-TheOrderOfStack.swift */,
				C5368F34230005660053AA12 /* 21-LevelTravelsal.swift */,
				C5368F3623000FAD0053AA12 /* 24-PostOrderOfBinarySearchTree.swift */,
				C5368F96230060970053AA12 /* 59-SymmetricalTree.swift */,
				C5CD92AD2302C02F0099378B /* 26-ComplexListNodeClone.swift */,
				C5D9F83922FE86EB004FD801 /* CountOfOneInBinary.swift */,
				C5D9F83722FE83D4004FD801 /* Fibonacci.swift */,
				C556221522FC6785000A8C0C /* main.swift */,
				C5D9F83522FE8108004FD801 /* MinNumInRotateArray.swift */,
				C5D9F83B22FE9B84004FD801 /* Power.swift */,
				C5385F2B22FE439700B5110C /* PrintListFormTailToHead.swift */,
				C5D9F83D22FEABB3004FD801 /* PrintMaxNList.swift */,
				C5385F2D22FE4B6B00B5110C /* RebuildBinaryTree.swift */,
				C556221C22FC7519000A8C0C /* ReplaceSpace.swift */,
				C5D9F83322FE7BB5004FD801 /* UseStackImpQueue.swift */,
			);
			path = CodingInterViews;
			sourceTree = "<group>";
		};
/* End PBXGroup section */

/* Begin PBXNativeTarget section */
		C556221122FC6785000A8C0C /* CodingInterViews */ = {
			isa = PBXNativeTarget;
			buildConfigurationList = C556221922FC6785000A8C0C /* Build configuration list for PBXNativeTarget "CodingInterViews" */;
			buildPhases = (
				C556220E22FC6785000A8C0C /* Sources */,
				C556220F22FC6785000A8C0C /* Frameworks */,
				C556221022FC6785000A8C0C /* CopyFiles */,
			);
			buildRules = (
			);
			dependencies = (
			);
			name = CodingInterViews;
			productName = CodingInterViews;
			productReference = C556221222FC6785000A8C0C /* CodingInterViews */;
			productType = "com.apple.product-type.tool";
		};
/* End PBXNativeTarget section */

/* Begin PBXProject section */
		C556220A22FC6785000A8C0C /* Project object */ = {
			isa = PBXProject;
			attributes = {
				LastSwiftUpdateCheck = 1020;
				LastUpgradeCheck = 1020;
				ORGANIZATIONNAME = wymany;
				TargetAttributes = {
					C556221122FC6785000A8C0C = {
						CreatedOnToolsVersion = 10.2.1;
					};
				};
			};
			buildConfigurationList = C556220D22FC6785000A8C0C /* Build configuration list for PBXProject "CodingInterViews" */;
			compatibilityVersion = "Xcode 9.3";
			developmentRegion = en;
			hasScannedForEncodings = 0;
			knownRegions = (
				en,
			);
			mainGroup = C556220922FC6785000A8C0C;
			productRefGroup = C556221322FC6785000A8C0C /* Products */;
			projectDirPath = "";
			projectRoot = "";
			targets = (
				C556221122FC6785000A8C0C /* CodingInterViews */,
			);
		};
/* End PBXProject section */

/* Begin PBXSourcesBuildPhase section */
		C556220E22FC6785000A8C0C /* Sources */ = {
			isa = PBXSourcesBuildPhase;
			buildActionMask = 2147483647;
			files = (
				C556221622FC6785000A8C0C /* main.swift in Sources */,
				C5368F97230060970053AA12 /* 59-SymmetricalTree.swift in Sources */,
				C556221D22FC7519000A8C0C /* ReplaceSpace.swift in Sources */,
				C5385F2E22FE4B6B00B5110C /* RebuildBinaryTree.swift in Sources */,
				C5A676BD22FEE5D8003A2BD4 /* 03-FindTargetInArray.swift in Sources */,
				C5A676BF22FEE95C003A2BD4 /* 14-ReOrderArray.swift in Sources */,
				C5368F35230005660053AA12 /* 21-LevelTravelsal.swift in Sources */,
				C5368F3723000FAD0053AA12 /* 24-PostOrderOfBinarySearchTree.swift in Sources */,
				C5CD92AE2302C02F0099378B /* 26-ComplexListNodeClone.swift in Sources */,
				C5D9F83822FE83D4004FD801 /* Fibonacci.swift in Sources */,
				C5A676CB22FFAC5C003A2BD4 /* 20-PrintMatrix.swift in Sources */,
				C5A676C922FFA654003A2BD4 /* 19-MirrorOfBinaryTree.swift in Sources */,
				C5D9F83622FE8108004FD801 /* MinNumInRotateArray.swift in Sources */,
				C5A676C322FF012C003A2BD4 /* 16-ReverseList.swift in Sources */,
				C5A676C122FEF6C6003A2BD4 /* 15-FindKthNodeToTail.swift in Sources */,
				C5A676C522FF9CE9003A2BD4 /* 17-MergeSortedList.swift in Sources */,
				C5385F2C22FE439700B5110C /* PrintListFormTailToHead.swift in Sources */,
				C5D9F83422FE7BB5004FD801 /* UseStackImpQueue.swift in Sources */,
				C5A676C722FFA185003A2BD4 /* 18-SubstructureOfTree.swift in Sources */,
				C5D9F83C22FE9B84004FD801 /* Power.swift in Sources */,
				C5368F3322FFC05C0053AA12 /* 22-TheOrderOfStack.swift in Sources */,
				C5A676CD22FFAE44003A2BD4 /* 21- minFunctionOfStack.swift in Sources */,
				C5D9F83A22FE86EB004FD801 /* CountOfOneInBinary.swift in Sources */,
				C5D9F83E22FEABB3004FD801 /* PrintMaxNList.swift in Sources */,
			);
			runOnlyForDeploymentPostprocessing = 0;
		};
/* End PBXSourcesBuildPhase section */

/* Begin XCBuildConfiguration section */
		C556221722FC6785000A8C0C /* Debug */ = {
			isa = XCBuildConfiguration;
			buildSettings = {
				ALWAYS_SEARCH_USER_PATHS = NO;
				CLANG_ANALYZER_NONNULL = YES;
				CLANG_ANALYZER_NUMBER_OBJECT_CONVERSION = YES_AGGRESSIVE;
				CLANG_CXX_LANGUAGE_STANDARD = "gnu++14";
				CLANG_CXX_LIBRARY = "libc++";
				CLANG_ENABLE_MODULES = YES;
				CLANG_ENABLE_OBJC_ARC = YES;
				CLANG_ENABLE_OBJC_WEAK = YES;
				CLANG_WARN_BLOCK_CAPTURE_AUTORELEASING = YES;
				CLANG_WARN_BOOL_CONVERSION = YES;
				CLANG_WARN_COMMA = YES;
				CLANG_WARN_CONSTANT_CONVERSION = YES;
				CLANG_WARN_DEPRECATED_OBJC_IMPLEMENTATIONS = YES;
				CLANG_WARN_DIRECT_OBJC_ISA_USAGE = YES_ERROR;
				CLANG_WARN_DOCUMENTATION_COMMENTS = YES;
				CLANG_WARN_EMPTY_BODY = YES;
				CLANG_WARN_ENUM_CONVERSION = YES;
				CLANG_WARN_INFINITE_RECURSION = YES;
				CLANG_WARN_INT_CONVERSION = YES;
				CLANG_WARN_NON_LITERAL_NULL_CONVERSION = YES;
				CLANG_WARN_OBJC_IMPLICIT_RETAIN_SELF = YES;
				CLANG_WARN_OBJC_LITERAL_CONVERSION = YES;
				CLANG_WARN_OBJC_ROOT_CLASS = YES_ERROR;
				CLANG_WARN_RANGE_LOOP_ANALYSIS = YES;
				CLANG_WARN_STRICT_PROTOTYPES = YES;
				CLANG_WARN_SUSPICIOUS_MOVE = YES;
				CLANG_WARN_UNGUARDED_AVAILABILITY = YES_AGGRESSIVE;
				CLANG_WARN_UNREACHABLE_CODE = YES;
				CLANG_WARN__DUPLICATE_METHOD_MATCH = YES;
				CODE_SIGN_IDENTITY = "-";
				COPY_PHASE_STRIP = NO;
				DEBUG_INFORMATION_FORMAT = dwarf;
				ENABLE_STRICT_OBJC_MSGSEND = YES;
				ENABLE_TESTABILITY = YES;
				GCC_C_LANGUAGE_STANDARD = gnu11;
				GCC_DYNAMIC_NO_PIC = NO;
				GCC_NO_COMMON_BLOCKS = YES;
				GCC_OPTIMIZATION_LEVEL = 0;
				GCC_PREPROCESSOR_DEFINITIONS = (
					"DEBUG=1",
					"$(inherited)",
				);
				GCC_WARN_64_TO_32_BIT_CONVERSION = YES;
				GCC_WARN_ABOUT_RETURN_TYPE = YES_ERROR;
				GCC_WARN_UNDECLARED_SELECTOR = YES;
				GCC_WARN_UNINITIALIZED_AUTOS = YES_AGGRESSIVE;
				GCC_WARN_UNUSED_FUNCTION = YES;
				GCC_WARN_UNUSED_VARIABLE = YES;
				MACOSX_DEPLOYMENT_TARGET = 10.14;
				MTL_ENABLE_DEBUG_INFO = INCLUDE_SOURCE;
				MTL_FAST_MATH = YES;
				ONLY_ACTIVE_ARCH = YES;
				SDKROOT = macosx;
				SWIFT_ACTIVE_COMPILATION_CONDITIONS = DEBUG;
				SWIFT_OPTIMIZATION_LEVEL = "-Onone";
			};
			name = Debug;
		};
		C556221822FC6785000A8C0C /* Release */ = {
			isa = XCBuildConfiguration;
			buildSettings = {
				ALWAYS_SEARCH_USER_PATHS = NO;
				CLANG_ANALYZER_NONNULL = YES;
				CLANG_ANALYZER_NUMBER_OBJECT_CONVERSION = YES_AGGRESSIVE;
				CLANG_CXX_LANGUAGE_STANDARD = "gnu++14";
				CLANG_CXX_LIBRARY = "libc++";
				CLANG_ENABLE_MODULES = YES;
				CLANG_ENABLE_OBJC_ARC = YES;
				CLANG_ENABLE_OBJC_WEAK = YES;
				CLANG_WARN_BLOCK_CAPTURE_AUTORELEASING = YES;
				CLANG_WARN_BOOL_CONVERSION = YES;
				CLANG_WARN_COMMA = YES;
				CLANG_WARN_CONSTANT_CONVERSION = YES;
				CLANG_WARN_DEPRECATED_OBJC_IMPLEMENTATIONS = YES;
				CLANG_WARN_DIRECT_OBJC_ISA_USAGE = YES_ERROR;
				CLANG_WARN_DOCUMENTATION_COMMENTS = YES;
				CLANG_WARN_EMPTY_BODY = YES;
				CLANG_WARN_ENUM_CONVERSION = YES;
				CLANG_WARN_INFINITE_RECURSION = YES;
				CLANG_WARN_INT_CONVERSION = YES;
				CLANG_WARN_NON_LITERAL_NULL_CONVERSION = YES;
				CLANG_WARN_OBJC_IMPLICIT_RETAIN_SELF = YES;
				CLANG_WARN_OBJC_LITERAL_CONVERSION = YES;
				CLANG_WARN_OBJC_ROOT_CLASS = YES_ERROR;
				CLANG_WARN_RANGE_LOOP_ANALYSIS = YES;
				CLANG_WARN_STRICT_PROTOTYPES = YES;
				CLANG_WARN_SUSPICIOUS_MOVE = YES;
				CLANG_WARN_UNGUARDED_AVAILABILITY = YES_AGGRESSIVE;
				CLANG_WARN_UNREACHABLE_CODE = YES;
				CLANG_WARN__DUPLICATE_METHOD_MATCH = YES;
				CODE_SIGN_IDENTITY = "-";
				COPY_PHASE_STRIP = NO;
				DEBUG_INFORMATION_FORMAT = "dwarf-with-dsym";
				ENABLE_NS_ASSERTIONS = NO;
				ENABLE_STRICT_OBJC_MSGSEND = YES;
				GCC_C_LANGUAGE_STANDARD = gnu11;
				GCC_NO_COMMON_BLOCKS = YES;
				GCC_WARN_64_TO_32_BIT_CONVERSION = YES;
				GCC_WARN_ABOUT_RETURN_TYPE = YES_ERROR;
				GCC_WARN_UNDECLARED_SELECTOR = YES;
				GCC_WARN_UNINITIALIZED_AUTOS = YES_AGGRESSIVE;
				GCC_WARN_UNUSED_FUNCTION = YES;
				GCC_WARN_UNUSED_VARIABLE = YES;
				MACOSX_DEPLOYMENT_TARGET = 10.14;
				MTL_ENABLE_DEBUG_INFO = NO;
				MTL_FAST_MATH = YES;
				SDKROOT = macosx;
				SWIFT_COMPILATION_MODE = wholemodule;
				SWIFT_OPTIMIZATION_LEVEL = "-O";
			};
			name = Release;
		};
		C556221A22FC6785000A8C0C /* Debug */ = {
			isa = XCBuildConfiguration;
			buildSettings = {
				CODE_SIGN_STYLE = Automatic;
				PRODUCT_NAME = "$(TARGET_NAME)";
				SWIFT_VERSION = 5.0;
			};
			name = Debug;
		};
		C556221B22FC6785000A8C0C /* Release */ = {
			isa = XCBuildConfiguration;
			buildSettings = {
				CODE_SIGN_STYLE = Automatic;
				PRODUCT_NAME = "$(TARGET_NAME)";
				SWIFT_VERSION = 5.0;
			};
			name = Release;
		};
/* End XCBuildConfiguration section */

/* Begin XCConfigurationList section */
		C556220D22FC6785000A8C0C /* Build configuration list for PBXProject "CodingInterViews" */ = {
			isa = XCConfigurationList;
			buildConfigurations = (
				C556221722FC6785000A8C0C /* Debug */,
				C556221822FC6785000A8C0C /* Release */,
			);
			defaultConfigurationIsVisible = 0;
			defaultConfigurationName = Release;
		};
		C556221922FC6785000A8C0C /* Build configuration list for PBXNativeTarget "CodingInterViews" */ = {
			isa = XCConfigurationList;
			buildConfigurations = (
				C556221A22FC6785000A8C0C /* Debug */,
				C556221B22FC6785000A8C0C /* Release */,
			);
			defaultConfigurationIsVisible = 0;
			defaultConfigurationName = Release;
		};
/* End XCConfigurationList section */
	};
	rootObject = C556220A22FC6785000A8C0C /* Project object */;
}
