// !$*UTF8*$!
{
	archiveVersion = 1;
	classes = {
	};
	objectVersion = 50;
	objects = {

/* Begin PBXBuildFile section */
		C5368F3322FFC05C0053AA12 /* 22-TheOrderOfStack.swift in Sources */ = {isa = PBXBuildFile; fileRef = C5368F3222FFC05C0053AA12 /* 22-TheOrderOfStack.swift */; };
		C5368F35230005660053AA12 /* 21-LevelTravelsal.swift in Sources */ = {isa = PBXBuildFile; fileRef = C5368F34230005660053AA12 /* 21-LevelTravelsal.swift */; };
		C5368F3723000FAD0053AA12 /* 24-PostOrderOfBinarySearchTree.swift in Sources */ = {isa = PBXBuildFile; fileRef = C5368F3623000FAD0053AA12 /* 24-PostOrderOfBinarySearchTree.swift */; };
		C5368F97230060970053AA12 /* 59-!SymmetricalTree.swift in Sources */ = {isa = PBXBuildFile; fileRef = C5368F96230060970053AA12 /* 59-!SymmetricalTree.swift */; };
		C5385F2C22FE439700B5110C /* 05-PrintListFormTailToHead.swift in Sources */ = {isa = PBXBuildFile; fileRef = C5385F2B22FE439700B5110C /* 05-PrintListFormTailToHead.swift */; };
		C5385F2E22FE4B6B00B5110C /* 06-RebuildBinaryTree.swift in Sources */ = {isa = PBXBuildFile; fileRef = C5385F2D22FE4B6B00B5110C /* 06-RebuildBinaryTree.swift */; };
		C54CCB2B2307EBA40046F050 /* 31-FindGreatestSumOfSubArray.swift in Sources */ = {isa = PBXBuildFile; fileRef = C54CCB2A2307EBA40046F050 /* 31-FindGreatestSumOfSubArray.swift */; };
		C54CCB2D2307FE0A0046F050 /* 32-NumberOf1Between1AndN.swift in Sources */ = {isa = PBXBuildFile; fileRef = C54CCB2C2307FE0A0046F050 /* 32-NumberOf1Between1AndN.swift */; };
		C54CCB2F23081A570046F050 /* 33-!PrintMinNumberswift.swift in Sources */ = {isa = PBXBuildFile; fileRef = C54CCB2E23081A570046F050 /* 33-!PrintMinNumberswift.swift */; };
		C54CCB3123081D330046F050 /* 35-FirsetNotRepeatChar.swift in Sources */ = {isa = PBXBuildFile; fileRef = C54CCB3023081D330046F050 /* 35-FirsetNotRepeatChar.swift */; };
		C54CCB3323082A250046F050 /* 39-DepthOfBinaryTree.swift in Sources */ = {isa = PBXBuildFile; fileRef = C54CCB3223082A250046F050 /* 39-DepthOfBinaryTree.swift */; };
		C54CCB35230832F50046F050 /* 42-ReverseSentence.swift in Sources */ = {isa = PBXBuildFile; fileRef = C54CCB34230832F50046F050 /* 42-ReverseSentence.swift */; };
		C54CCB372308E3B90046F050 /* 37-FindFirstCommonNode.swift in Sources */ = {isa = PBXBuildFile; fileRef = C54CCB362308E3B90046F050 /* 37-FindFirstCommonNode.swift */; };
		C54CCB392308FC3F0046F050 /* 34-GetUglyNum.swift in Sources */ = {isa = PBXBuildFile; fileRef = C54CCB382308FC3F0046F050 /* 34-GetUglyNum.swift */; };
		C54CCB3B230911CF0046F050 /* 02-Singleton.swift in Sources */ = {isa = PBXBuildFile; fileRef = C54CCB3A230911CF0046F050 /* 02-Singleton.swift */; };
		C54CCB3D230934900046F050 /* 13-DeleteNodeO1.swift in Sources */ = {isa = PBXBuildFile; fileRef = C54CCB3C230934900046F050 /* 13-DeleteNodeO1.swift */; };
		C54CCB3F230956FA0046F050 /* 50-CommonAncestorOfTwoTreeNode.swift in Sources */ = {isa = PBXBuildFile; fileRef = C54CCB3E230956FA0046F050 /* 50-CommonAncestorOfTwoTreeNode.swift */; };
		C54CCB412309584F0046F050 /* 49-StrToInt.swift in Sources */ = {isa = PBXBuildFile; fileRef = C54CCB402309584F0046F050 /* 49-StrToInt.swift */; };
		C54CCB43230958E90046F050 /* 47-Add.swift in Sources */ = {isa = PBXBuildFile; fileRef = C54CCB42230958E90046F050 /* 47-Add.swift */; };
		C556221622FC6785000A8C0C /* main.swift in Sources */ = {isa = PBXBuildFile; fileRef = C556221522FC6785000A8C0C /* main.swift */; };
		C556221D22FC7519000A8C0C /* 04-ReplaceSpace.swift in Sources */ = {isa = PBXBuildFile; fileRef = C556221C22FC7519000A8C0C /* 04-ReplaceSpace.swift */; };
		C5A676BD22FEE5D8003A2BD4 /* 03-FindTargetInArray.swift in Sources */ = {isa = PBXBuildFile; fileRef = C5A676BC22FEE5D8003A2BD4 /* 03-FindTargetInArray.swift */; };
		C5A676BF22FEE95C003A2BD4 /* 14-ReOrderArray.swift in Sources */ = {isa = PBXBuildFile; fileRef = C5A676BE22FEE95C003A2BD4 /* 14-ReOrderArray.swift */; };
		C5A676C122FEF6C6003A2BD4 /* 15-FindKthNodeToTail.swift in Sources */ = {isa = PBXBuildFile; fileRef = C5A676C022FEF6C6003A2BD4 /* 15-FindKthNodeToTail.swift */; };
		C5A676C322FF012C003A2BD4 /* 16-ReverseList.swift in Sources */ = {isa = PBXBuildFile; fileRef = C5A676C222FF012C003A2BD4 /* 16-ReverseList.swift */; };
		C5A676C522FF9CE9003A2BD4 /* 17-MergeSortedList.swift in Sources */ = {isa = PBXBuildFile; fileRef = C5A676C422FF9CE9003A2BD4 /* 17-MergeSortedList.swift */; };
		C5A676C722FFA185003A2BD4 /* 18-SubstructureOfTree.swift in Sources */ = {isa = PBXBuildFile; fileRef = C5A676C622FFA185003A2BD4 /* 18-SubstructureOfTree.swift */; };
		C5A676C922FFA654003A2BD4 /* 19-MirrorOfBinaryTree.swift in Sources */ = {isa = PBXBuildFile; fileRef = C5A676C822FFA654003A2BD4 /* 19-MirrorOfBinaryTree.swift */; };
		C5A676CB22FFAC5C003A2BD4 /* 20-PrintMatrix.swift in Sources */ = {isa = PBXBuildFile; fileRef = C5A676CA22FFAC5C003A2BD4 /* 20-PrintMatrix.swift */; };
		C5A676CD22FFAE44003A2BD4 /* 21-MinFunctionOfStack.swift in Sources */ = {isa = PBXBuildFile; fileRef = C5A676CC22FFAE44003A2BD4 /* 21-MinFunctionOfStack.swift */; };
		C5CD92AE2302C02F0099378B /* 26-ComplexListNodeClone.swift in Sources */ = {isa = PBXBuildFile; fileRef = C5CD92AD2302C02F0099378B /* 26-ComplexListNodeClone.swift */; };
		C5CD92B02302FC8E0099378B /* 27-ConvertBST2SortedList.swift in Sources */ = {isa = PBXBuildFile; fileRef = C5CD92AF2302FC8E0099378B /* 27-ConvertBST2SortedList.swift */; };
		C5CD92B223030BA10099378B /* 28-Permutation.swift in Sources */ = {isa = PBXBuildFile; fileRef = C5CD92B123030BA10099378B /* 28-Permutation.swift */; };
		C5CD92B4230450460099378B /* 29-MorethanHalfNum.swift in Sources */ = {isa = PBXBuildFile; fileRef = C5CD92B3230450460099378B /* 29-MorethanHalfNum.swift */; };
		C5CD92B6230458220099378B /* 30-GetLeastKNums.swift in Sources */ = {isa = PBXBuildFile; fileRef = C5CD92B5230458220099378B /* 30-GetLeastKNums.swift */; };
		C5D9F83422FE7BB5004FD801 /* 07-UseStackImpQueue.swift in Sources */ = {isa = PBXBuildFile; fileRef = C5D9F83322FE7BB5004FD801 /* 07-UseStackImpQueue.swift */; };
		C5D9F83622FE8108004FD801 /* 08-MinNumInRotateArray.swift in Sources */ = {isa = PBXBuildFile; fileRef = C5D9F83522FE8108004FD801 /* 08-MinNumInRotateArray.swift */; };
		C5D9F83822FE83D4004FD801 /* 09-Fibonacci.swift in Sources */ = {isa = PBXBuildFile; fileRef = C5D9F83722FE83D4004FD801 /* 09-Fibonacci.swift */; };
		C5D9F83A22FE86EB004FD801 /* 10-CountOfOneInBinary.swift in Sources */ = {isa = PBXBuildFile; fileRef = C5D9F83922FE86EB004FD801 /* 10-CountOfOneInBinary.swift */; };
		C5D9F83C22FE9B84004FD801 /* 11-Power.swift in Sources */ = {isa = PBXBuildFile; fileRef = C5D9F83B22FE9B84004FD801 /* 11-Power.swift */; };
		C5D9F83E22FEABB3004FD801 /* 12-PrintMaxNList.swift in Sources */ = {isa = PBXBuildFile; fileRef = C5D9F83D22FEABB3004FD801 /* 12-PrintMaxNList.swift */; };
/* End PBXBuildFile section */

/* Begin PBXCopyFilesBuildPhase section */
		C556221022FC6785000A8C0C /* CopyFiles */ = {
			isa = PBXCopyFilesBuildPhase;
			buildActionMask = 2147483647;
			dstPath = /usr/share/man/man1/;
			dstSubfolderSpec = 0;
			files = (
			);
			runOnlyForDeploymentPostprocessing = 1;
		};
/* End PBXCopyFilesBuildPhase section */

/* Begin PBXFileReference section */
		C5368F3222FFC05C0053AA12 /* 22-TheOrderOfStack.swift */ = {isa = PBXFileReference; lastKnownFileType = sourcecode.swift; path = "22-TheOrderOfStack.swift"; sourceTree = "<group>"; };
		C5368F34230005660053AA12 /* 21-LevelTravelsal.swift */ = {isa = PBXFileReference; lastKnownFileType = sourcecode.swift; path = "21-LevelTravelsal.swift"; sourceTree = "<group>"; };
		C5368F3623000FAD0053AA12 /* 24-PostOrderOfBinarySearchTree.swift */ = {isa = PBXFileReference; lastKnownFileType = sourcecode.swift; path = "24-PostOrderOfBinarySearchTree.swift"; sourceTree = "<group>"; };
		C5368F96230060970053AA12 /* 59-!SymmetricalTree.swift */ = {isa = PBXFileReference; lastKnownFileType = sourcecode.swift; path = "59-!SymmetricalTree.swift"; sourceTree = "<group>"; };
		C5385F2B22FE439700B5110C /* 05-PrintListFormTailToHead.swift */ = {isa = PBXFileReference; lastKnownFileType = sourcecode.swift; path = "05-PrintListFormTailToHead.swift"; sourceTree = "<group>"; };
		C5385F2D22FE4B6B00B5110C /* 06-RebuildBinaryTree.swift */ = {isa = PBXFileReference; lastKnownFileType = sourcecode.swift; path = "06-RebuildBinaryTree.swift"; sourceTree = "<group>"; };
		C54CCB2A2307EBA40046F050 /* 31-FindGreatestSumOfSubArray.swift */ = {isa = PBXFileReference; lastKnownFileType = sourcecode.swift; path = "31-FindGreatestSumOfSubArray.swift"; sourceTree = "<group>"; };
		C54CCB2C2307FE0A0046F050 /* 32-NumberOf1Between1AndN.swift */ = {isa = PBXFileReference; lastKnownFileType = sourcecode.swift; path = "32-NumberOf1Between1AndN.swift"; sourceTree = "<group>"; };
		C54CCB2E23081A570046F050 /* 33-!PrintMinNumberswift.swift */ = {isa = PBXFileReference; lastKnownFileType = sourcecode.swift; path = "33-!PrintMinNumberswift.swift"; sourceTree = "<group>"; };
		C54CCB3023081D330046F050 /* 35-FirsetNotRepeatChar.swift */ = {isa = PBXFileReference; lastKnownFileType = sourcecode.swift; path = "35-FirsetNotRepeatChar.swift"; sourceTree = "<group>"; };
		C54CCB3223082A250046F050 /* 39-DepthOfBinaryTree.swift */ = {isa = PBXFileReference; lastKnownFileType = sourcecode.swift; path = "39-DepthOfBinaryTree.swift"; sourceTree = "<group>"; };
		C54CCB34230832F50046F050 /* 42-ReverseSentence.swift */ = {isa = PBXFileReference; lastKnownFileType = sourcecode.swift; path = "42-ReverseSentence.swift"; sourceTree = "<group>"; };
		C54CCB362308E3B90046F050 /* 37-FindFirstCommonNode.swift */ = {isa = PBXFileReference; lastKnownFileType = sourcecode.swift; path = "37-FindFirstCommonNode.swift"; sourceTree = "<group>"; };
		C54CCB382308FC3F0046F050 /* 34-GetUglyNum.swift */ = {isa = PBXFileReference; lastKnownFileType = sourcecode.swift; path = "34-GetUglyNum.swift"; sourceTree = "<group>"; };
		C54CCB3A230911CF0046F050 /* 02-Singleton.swift */ = {isa = PBXFileReference; lastKnownFileType = sourcecode.swift; path = "02-Singleton.swift"; sourceTree = "<group>"; };
		C54CCB3C230934900046F050 /* 13-DeleteNodeO1.swift */ = {isa = PBXFileReference; lastKnownFileType = sourcecode.swift; path = "13-DeleteNodeO1.swift"; sourceTree = "<group>"; };
		C54CCB3E230956FA0046F050 /* 50-CommonAncestorOfTwoTreeNode.swift */ = {isa = PBXFileReference; lastKnownFileType = sourcecode.swift; path = "50-CommonAncestorOfTwoTreeNode.swift"; sourceTree = "<group>"; };
		C54CCB402309584F0046F050 /* 49-StrToInt.swift */ = {isa = PBXFileReference; lastKnownFileType = sourcecode.swift; path = "49-StrToInt.swift"; sourceTree = "<group>"; };
		C54CCB42230958E90046F050 /* 47-Add.swift */ = {isa = PBXFileReference; lastKnownFileType = sourcecode.swift; path = "47-Add.swift"; sourceTree = "<group>"; };
		C556221222FC6785000A8C0C /* CodingInterViews */ = {isa = PBXFileReference; explicitFileType = "compiled.mach-o.executable"; includeInIndex = 0; path = CodingInterViews; sourceTree = BUILT_PRODUCTS_DIR; };
		C556221522FC6785000A8C0C /* main.swift */ = {isa = PBXFileReference; lastKnownFileType = sourcecode.swift; path = main.swift; sourceTree = "<group>"; };
		C556221C22FC7519000A8C0C /* 04-ReplaceSpace.swift */ = {isa = PBXFileReference; lastKnownFileType = sourcecode.swift; path = "04-ReplaceSpace.swift"; sourceTree = "<group>"; };
		C5A676BC22FEE5D8003A2BD4 /* 03-FindTargetInArray.swift */ = {isa = PBXFileReference; lastKnownFileType = sourcecode.swift; path = "03-FindTargetInArray.swift"; sourceTree = "<group>"; };
		C5A676BE22FEE95C003A2BD4 /* 14-ReOrderArray.swift */ = {isa = PBXFileReference; lastKnownFileType = sourcecode.swift; path = "14-ReOrderArray.swift"; sourceTree = "<group>"; };
		C5A676C022FEF6C6003A2BD4 /* 15-FindKthNodeToTail.swift */ = {isa = PBXFileReference; lastKnownFileType = sourcecode.swift; path = "15-FindKthNodeToTail.swift"; sourceTree = "<group>"; };
		C5A676C222FF012C003A2BD4 /* 16-ReverseList.swift */ = {isa = PBXFileReference; lastKnownFileType = sourcecode.swift; path = "16-ReverseList.swift"; sourceTree = "<group>"; };
		C5A676C422FF9CE9003A2BD4 /* 17-MergeSortedList.swift */ = {isa = PBXFileReference; lastKnownFileType = sourcecode.swift; path = "17-MergeSortedList.swift"; sourceTree = "<group>"; };
		C5A676C622FFA185003A2BD4 /* 18-SubstructureOfTree.swift */ = {isa = PBXFileReference; lastKnownFileType = sourcecode.swift; path = "18-SubstructureOfTree.swift"; sourceTree = "<group>"; };
		C5A676C822FFA654003A2BD4 /* 19-MirrorOfBinaryTree.swift */ = {isa = PBXFileReference; lastKnownFileType = sourcecode.swift; path = "19-MirrorOfBinaryTree.swift"; sourceTree = "<group>"; };
		C5A676CA22FFAC5C003A2BD4 /* 20-PrintMatrix.swift */ = {isa = PBXFileReference; lastKnownFileType = sourcecode.swift; path = "20-PrintMatrix.swift"; sourceTree = "<group>"; };
		C5A676CC22FFAE44003A2BD4 /* 21-MinFunctionOfStack.swift */ = {isa = PBXFileReference; lastKnownFileType = sourcecode.swift; path = "21-MinFunctionOfStack.swift"; sourceTree = "<group>"; };
		C5CD92AD2302C02F0099378B /* 26-ComplexListNodeClone.swift */ = {isa = PBXFileReference; lastKnownFileType = sourcecode.swift; path = "26-ComplexListNodeClone.swift"; sourceTree = "<group>"; };
		C5CD92AF2302FC8E0099378B /* 27-ConvertBST2SortedList.swift */ = {isa = PBXFileReference; lastKnownFileType = sourcecode.swift; path = "27-ConvertBST2SortedList.swift"; sourceTree = "<group>"; };
		C5CD92B123030BA10099378B /* 28-Permutation.swift */ = {isa = PBXFileReference; lastKnownFileType = sourcecode.swift; path = "28-Permutation.swift"; sourceTree = "<group>"; };
		C5CD92B3230450460099378B /* 29-MorethanHalfNum.swift */ = {isa = PBXFileReference; lastKnownFileType = sourcecode.swift; path = "29-MorethanHalfNum.swift"; sourceTree = "<group>"; };
		C5CD92B5230458220099378B /* 30-GetLeastKNums.swift */ = {isa = PBXFileReference; lastKnownFileType = sourcecode.swift; path = "30-GetLeastKNums.swift"; sourceTree = "<group>"; };
		C5D9F83322FE7BB5004FD801 /* 07-UseStackImpQueue.swift */ = {isa = PBXFileReference; lastKnownFileType = sourcecode.swift; path = "07-UseStackImpQueue.swift"; sourceTree = "<group>"; };
		C5D9F83522FE8108004FD801 /* 08-MinNumInRotateArray.swift */ = {isa = PBXFileReference; lastKnownFileType = sourcecode.swift; path = "08-MinNumInRotateArray.swift"; sourceTree = "<group>"; };
		C5D9F83722FE83D4004FD801 /* 09-Fibonacci.swift */ = {isa = PBXFileReference; lastKnownFileType = sourcecode.swift; path = "09-Fibonacci.swift"; sourceTree = "<group>"; };
		C5D9F83922FE86EB004FD801 /* 10-CountOfOneInBinary.swift */ = {isa = PBXFileReference; lastKnownFileType = sourcecode.swift; path = "10-CountOfOneInBinary.swift"; sourceTree = "<group>"; };
		C5D9F83B22FE9B84004FD801 /* 11-Power.swift */ = {isa = PBXFileReference; lastKnownFileType = sourcecode.swift; path = "11-Power.swift"; sourceTree = "<group>"; };
		C5D9F83D22FEABB3004FD801 /* 12-PrintMaxNList.swift */ = {isa = PBXFileReference; lastKnownFileType = sourcecode.swift; path = "12-PrintMaxNList.swift"; sourceTree = "<group>"; };
/* End PBXFileReference section */

/* Begin PBXFrameworksBuildPhase section */
		C556220F22FC6785000A8C0C /* Frameworks */ = {
			isa = PBXFrameworksBuildPhase;
			buildActionMask = 2147483647;
			files = (
			);
			runOnlyForDeploymentPostprocessing = 0;
		};
/* End PBXFrameworksBuildPhase section */

/* Begin PBXGroup section */
		C556220922FC6785000A8C0C = {
			isa = PBXGroup;
			children = (
				C556221422FC6785000A8C0C /* CodingInterViews */,
				C556221322FC6785000A8C0C /* Products */,
			);
			sourceTree = "<group>";
		};
		C556221322FC6785000A8C0C /* Products */ = {
			isa = PBXGroup;
			children = (
				C556221222FC6785000A8C0C /* CodingInterViews */,
			);
			name = Products;
			sourceTree = "<group>";
		};
		C556221422FC6785000A8C0C /* CodingInterViews */ = {
			isa = PBXGroup;
			children = (
				C54CCB3A230911CF0046F050 /* 02-Singleton.swift */,
				C5A676BC22FEE5D8003A2BD4 /* 03-FindTargetInArray.swift */,
				C556221C22FC7519000A8C0C /* 04-ReplaceSpace.swift */,
				C5385F2B22FE439700B5110C /* 05-PrintListFormTailToHead.swift */,
				C5385F2D22FE4B6B00B5110C /* 06-RebuildBinaryTree.swift */,
				C5D9F83322FE7BB5004FD801 /* 07-UseStackImpQueue.swift */,
				C5D9F83522FE8108004FD801 /* 08-MinNumInRotateArray.swift */,
				C5D9F83722FE83D4004FD801 /* 09-Fibonacci.swift */,
				C5D9F83922FE86EB004FD801 /* 10-CountOfOneInBinary.swift */,
				C5D9F83B22FE9B84004FD801 /* 11-Power.swift */,
				C5D9F83D22FEABB3004FD801 /* 12-PrintMaxNList.swift */,
				C54CCB3C230934900046F050 /* 13-DeleteNodeO1.swift */,
				C5A676BE22FEE95C003A2BD4 /* 14-ReOrderArray.swift */,
				C5A676C022FEF6C6003A2BD4 /* 15-FindKthNodeToTail.swift */,
				C5A676C222FF012C003A2BD4 /* 16-ReverseList.swift */,
				C5A676C422FF9CE9003A2BD4 /* 17-MergeSortedList.swift */,
				C5A676C622FFA185003A2BD4 /* 18-SubstructureOfTree.swift */,
				C5A676C822FFA654003A2BD4 /* 19-MirrorOfBinaryTree.swift */,
				C5A676CA22FFAC5C003A2BD4 /* 20-PrintMatrix.swift */,
				C5368F34230005660053AA12 /* 21-LevelTravelsal.swift */,
				C5A676CC22FFAE44003A2BD4 /* 21-MinFunctionOfStack.swift */,
				C5368F3222FFC05C0053AA12 /* 22-TheOrderOfStack.swift */,
				C5368F3623000FAD0053AA12 /* 24-PostOrderOfBinarySearchTree.swift */,
				C5CD92AD2302C02F0099378B /* 26-ComplexListNodeClone.swift */,
				C5CD92AF2302FC8E0099378B /* 27-ConvertBST2SortedList.swift */,
				C5CD92B123030BA10099378B /* 28-Permutation.swift */,
				C5CD92B3230450460099378B /* 29-MorethanHalfNum.swift */,
				C5CD92B5230458220099378B /* 30-GetLeastKNums.swift */,
				C54CCB2A2307EBA40046F050 /* 31-FindGreatestSumOfSubArray.swift */,
				C54CCB2C2307FE0A0046F050 /* 32-NumberOf1Between1AndN.swift */,
				C54CCB2E23081A570046F050 /* 33-!PrintMinNumberswift.swift */,
				C54CCB382308FC3F0046F050 /* 34-GetUglyNum.swift */,
				C54CCB3023081D330046F050 /* 35-FirsetNotRepeatChar.swift */,
				C54CCB362308E3B90046F050 /* 37-FindFirstCommonNode.swift */,
				C54CCB3223082A250046F050 /* 39-DepthOfBinaryTree.swift */,
				C54CCB34230832F50046F050 /* 42-ReverseSentence.swift */,
				C54CCB42230958E90046F050 /* 47-Add.swift */,
				C54CCB402309584F0046F050 /* 49-StrToInt.swift */,
				C54CCB3E230956FA0046F050 /* 50-CommonAncestorOfTwoTreeNode.swift */,
				C5368F96230060970053AA12 /* 59-!SymmetricalTree.swift */,
				C556221522FC6785000A8C0C /* main.swift */,
			);
			path = CodingInterViews;
			sourceTree = "<group>";
		};
/* End PBXGroup section */

/* Begin PBXNativeTarget section */
		C556221122FC6785000A8C0C /* CodingInterViews */ = {
			isa = PBXNativeTarget;
			buildConfigurationList = C556221922FC6785000A8C0C /* Build configuration list for PBXNativeTarget "CodingInterViews" */;
			buildPhases = (
				C556220E22FC6785000A8C0C /* Sources */,
				C556220F22FC6785000A8C0C /* Frameworks */,
				C556221022FC6785000A8C0C /* CopyFiles */,
			);
			buildRules = (
			);
			dependencies = (
			);
			name = CodingInterViews;
			productName = CodingInterViews;
			productReference = C556221222FC6785000A8C0C /* CodingInterViews */;
			productType = "com.apple.product-type.tool";
		};
/* End PBXNativeTarget section */

/* Begin PBXProject section */
		C556220A22FC6785000A8C0C /* Project object */ = {
			isa = PBXProject;
			attributes = {
				LastSwiftUpdateCheck = 1020;
				LastUpgradeCheck = 1020;
				ORGANIZATIONNAME = wymany;
				TargetAttributes = {
					C556221122FC6785000A8C0C = {
						CreatedOnToolsVersion = 10.2.1;
					};
				};
			};
			buildConfigurationList = C556220D22FC6785000A8C0C /* Build configuration list for PBXProject "CodingInterViews" */;
			compatibilityVersion = "Xcode 9.3";
			developmentRegion = en;
			hasScannedForEncodings = 0;
			knownRegions = (
				en,
			);
			mainGroup = C556220922FC6785000A8C0C;
			productRefGroup = C556221322FC6785000A8C0C /* Products */;
			projectDirPath = "";
			projectRoot = "";
			targets = (
				C556221122FC6785000A8C0C /* CodingInterViews */,
			);
		};
/* End PBXProject section */

/* Begin PBXSourcesBuildPhase section */
		C556220E22FC6785000A8C0C /* Sources */ = {
			isa = PBXSourcesBuildPhase;
			buildActionMask = 2147483647;
			files = (
				C556221622FC6785000A8C0C /* main.swift in Sources */,
				C5368F97230060970053AA12 /* 59-!SymmetricalTree.swift in Sources */,
				C556221D22FC7519000A8C0C /* 04-ReplaceSpace.swift in Sources */,
				C5385F2E22FE4B6B00B5110C /* 06-RebuildBinaryTree.swift in Sources */,
				C5A676BD22FEE5D8003A2BD4 /* 03-FindTargetInArray.swift in Sources */,
				C5A676BF22FEE95C003A2BD4 /* 14-ReOrderArray.swift in Sources */,
				C5368F35230005660053AA12 /* 21-LevelTravelsal.swift in Sources */,
				C54CCB412309584F0046F050 /* 49-StrToInt.swift in Sources */,
				C5368F3723000FAD0053AA12 /* 24-PostOrderOfBinarySearchTree.swift in Sources */,
				C54CCB3D230934900046F050 /* 13-DeleteNodeO1.swift in Sources */,
				C5CD92AE2302C02F0099378B /* 26-ComplexListNodeClone.swift in Sources */,
				C54CCB35230832F50046F050 /* 42-ReverseSentence.swift in Sources */,
				C54CCB3123081D330046F050 /* 35-FirsetNotRepeatChar.swift in Sources */,
				C5D9F83822FE83D4004FD801 /* 09-Fibonacci.swift in Sources */,
				C5CD92B223030BA10099378B /* 28-Permutation.swift in Sources */,
				C5A676CB22FFAC5C003A2BD4 /* 20-PrintMatrix.swift in Sources */,
				C54CCB3323082A250046F050 /* 39-DepthOfBinaryTree.swift in Sources */,
				C54CCB392308FC3F0046F050 /* 34-GetUglyNum.swift in Sources */,
				C54CCB2F23081A570046F050 /* 33-!PrintMinNumberswift.swift in Sources */,
				C5CD92B6230458220099378B /* 30-GetLeastKNums.swift in Sources */,
				C5A676C922FFA654003A2BD4 /* 19-MirrorOfBinaryTree.swift in Sources */,
				C54CCB3F230956FA0046F050 /* 50-CommonAncestorOfTwoTreeNode.swift in Sources */,
				C54CCB2D2307FE0A0046F050 /* 32-NumberOf1Between1AndN.swift in Sources */,
				C5D9F83622FE8108004FD801 /* 08-MinNumInRotateArray.swift in Sources */,
				C5A676C322FF012C003A2BD4 /* 16-ReverseList.swift in Sources */,
				C5CD92B4230450460099378B /* 29-MorethanHalfNum.swift in Sources */,
				C54CCB3B230911CF0046F050 /* 02-Singleton.swift in Sources */,
				C5A676C122FEF6C6003A2BD4 /* 15-FindKthNodeToTail.swift in Sources */,
				C5A676C522FF9CE9003A2BD4 /* 17-MergeSortedList.swift in Sources */,
				C5CD92B02302FC8E0099378B /* 27-ConvertBST2SortedList.swift in Sources */,
				C5385F2C22FE439700B5110C /* 05-PrintListFormTailToHead.swift in Sources */,
				C5D9F83422FE7BB5004FD801 /* 07-UseStackImpQueue.swift in Sources */,
				C54CCB2B2307EBA40046F050 /* 31-FindGreatestSumOfSubArray.swift in Sources */,
				C5A676C722FFA185003A2BD4 /* 18-SubstructureOfTree.swift in Sources */,
				C54CCB372308E3B90046F050 /* 37-FindFirstCommonNode.swift in Sources */,
				C5D9F83C22FE9B84004FD801 /* 11-Power.swift in Sources */,
				C5368F3322FFC05C0053AA12 /* 22-TheOrderOfStack.swift in Sources */,
				C5A676CD22FFAE44003A2BD4 /* 21-MinFunctionOfStack.swift in Sources */,
				C5D9F83A22FE86EB004FD801 /* 10-CountOfOneInBinary.swift in Sources */,
				C5D9F83E22FEABB3004FD801 /* 12-PrintMaxNList.swift in Sources */,
				C54CCB43230958E90046F050 /* 47-Add.swift in Sources */,
			);
			runOnlyForDeploymentPostprocessing = 0;
		};
/* End PBXSourcesBuildPhase section */

/* Begin XCBuildConfiguration section */
		C556221722FC6785000A8C0C /* Debug */ = {
			isa = XCBuildConfiguration;
			buildSettings = {
				ALWAYS_SEARCH_USER_PATHS = NO;
				CLANG_ANALYZER_NONNULL = YES;
				CLANG_ANALYZER_NUMBER_OBJECT_CONVERSION = YES_AGGRESSIVE;
				CLANG_CXX_LANGUAGE_STANDARD = "gnu++14";
				CLANG_CXX_LIBRARY = "libc++";
				CLANG_ENABLE_MODULES = YES;
				CLANG_ENABLE_OBJC_ARC = YES;
				CLANG_ENABLE_OBJC_WEAK = YES;
				CLANG_WARN_BLOCK_CAPTURE_AUTORELEASING = YES;
				CLANG_WARN_BOOL_CONVERSION = YES;
				CLANG_WARN_COMMA = YES;
				CLANG_WARN_CONSTANT_CONVERSION = YES;
				CLANG_WARN_DEPRECATED_OBJC_IMPLEMENTATIONS = YES;
				CLANG_WARN_DIRECT_OBJC_ISA_USAGE = YES_ERROR;
				CLANG_WARN_DOCUMENTATION_COMMENTS = YES;
				CLANG_WARN_EMPTY_BODY = YES;
				CLANG_WARN_ENUM_CONVERSION = YES;
				CLANG_WARN_INFINITE_RECURSION = YES;
				CLANG_WARN_INT_CONVERSION = YES;
				CLANG_WARN_NON_LITERAL_NULL_CONVERSION = YES;
				CLANG_WARN_OBJC_IMPLICIT_RETAIN_SELF = YES;
				CLANG_WARN_OBJC_LITERAL_CONVERSION = YES;
				CLANG_WARN_OBJC_ROOT_CLASS = YES_ERROR;
				CLANG_WARN_RANGE_LOOP_ANALYSIS = YES;
				CLANG_WARN_STRICT_PROTOTYPES = YES;
				CLANG_WARN_SUSPICIOUS_MOVE = YES;
				CLANG_WARN_UNGUARDED_AVAILABILITY = YES_AGGRESSIVE;
				CLANG_WARN_UNREACHABLE_CODE = YES;
				CLANG_WARN__DUPLICATE_METHOD_MATCH = YES;
				CODE_SIGN_IDENTITY = "-";
				COPY_PHASE_STRIP = NO;
				DEBUG_INFORMATION_FORMAT = dwarf;
				ENABLE_STRICT_OBJC_MSGSEND = YES;
				ENABLE_TESTABILITY = YES;
				GCC_C_LANGUAGE_STANDARD = gnu11;
				GCC_DYNAMIC_NO_PIC = NO;
				GCC_NO_COMMON_BLOCKS = YES;
				GCC_OPTIMIZATION_LEVEL = 0;
				GCC_PREPROCESSOR_DEFINITIONS = (
					"DEBUG=1",
					"$(inherited)",
				);
				GCC_WARN_64_TO_32_BIT_CONVERSION = YES;
				GCC_WARN_ABOUT_RETURN_TYPE = YES_ERROR;
				GCC_WARN_UNDECLARED_SELECTOR = YES;
				GCC_WARN_UNINITIALIZED_AUTOS = YES_AGGRESSIVE;
				GCC_WARN_UNUSED_FUNCTION = YES;
				GCC_WARN_UNUSED_VARIABLE = YES;
				MACOSX_DEPLOYMENT_TARGET = 10.14;
				MTL_ENABLE_DEBUG_INFO = INCLUDE_SOURCE;
				MTL_FAST_MATH = YES;
				ONLY_ACTIVE_ARCH = YES;
				SDKROOT = macosx;
				SWIFT_ACTIVE_COMPILATION_CONDITIONS = DEBUG;
				SWIFT_OPTIMIZATION_LEVEL = "-Onone";
			};
			name = Debug;
		};
		C556221822FC6785000A8C0C /* Release */ = {
			isa = XCBuildConfiguration;
			buildSettings = {
				ALWAYS_SEARCH_USER_PATHS = NO;
				CLANG_ANALYZER_NONNULL = YES;
				CLANG_ANALYZER_NUMBER_OBJECT_CONVERSION = YES_AGGRESSIVE;
				CLANG_CXX_LANGUAGE_STANDARD = "gnu++14";
				CLANG_CXX_LIBRARY = "libc++";
				CLANG_ENABLE_MODULES = YES;
				CLANG_ENABLE_OBJC_ARC = YES;
				CLANG_ENABLE_OBJC_WEAK = YES;
				CLANG_WARN_BLOCK_CAPTURE_AUTORELEASING = YES;
				CLANG_WARN_BOOL_CONVERSION = YES;
				CLANG_WARN_COMMA = YES;
				CLANG_WARN_CONSTANT_CONVERSION = YES;
				CLANG_WARN_DEPRECATED_OBJC_IMPLEMENTATIONS = YES;
				CLANG_WARN_DIRECT_OBJC_ISA_USAGE = YES_ERROR;
				CLANG_WARN_DOCUMENTATION_COMMENTS = YES;
				CLANG_WARN_EMPTY_BODY = YES;
				CLANG_WARN_ENUM_CONVERSION = YES;
				CLANG_WARN_INFINITE_RECURSION = YES;
				CLANG_WARN_INT_CONVERSION = YES;
				CLANG_WARN_NON_LITERAL_NULL_CONVERSION = YES;
				CLANG_WARN_OBJC_IMPLICIT_RETAIN_SELF = YES;
				CLANG_WARN_OBJC_LITERAL_CONVERSION = YES;
				CLANG_WARN_OBJC_ROOT_CLASS = YES_ERROR;
				CLANG_WARN_RANGE_LOOP_ANALYSIS = YES;
				CLANG_WARN_STRICT_PROTOTYPES = YES;
				CLANG_WARN_SUSPICIOUS_MOVE = YES;
				CLANG_WARN_UNGUARDED_AVAILABILITY = YES_AGGRESSIVE;
				CLANG_WARN_UNREACHABLE_CODE = YES;
				CLANG_WARN__DUPLICATE_METHOD_MATCH = YES;
				CODE_SIGN_IDENTITY = "-";
				COPY_PHASE_STRIP = NO;
				DEBUG_INFORMATION_FORMAT = "dwarf-with-dsym";
				ENABLE_NS_ASSERTIONS = NO;
				ENABLE_STRICT_OBJC_MSGSEND = YES;
				GCC_C_LANGUAGE_STANDARD = gnu11;
				GCC_NO_COMMON_BLOCKS = YES;
				GCC_WARN_64_TO_32_BIT_CONVERSION = YES;
				GCC_WARN_ABOUT_RETURN_TYPE = YES_ERROR;
				GCC_WARN_UNDECLARED_SELECTOR = YES;
				GCC_WARN_UNINITIALIZED_AUTOS = YES_AGGRESSIVE;
				GCC_WARN_UNUSED_FUNCTION = YES;
				GCC_WARN_UNUSED_VARIABLE = YES;
				MACOSX_DEPLOYMENT_TARGET = 10.14;
				MTL_ENABLE_DEBUG_INFO = NO;
				MTL_FAST_MATH = YES;
				SDKROOT = macosx;
				SWIFT_COMPILATION_MODE = wholemodule;
				SWIFT_OPTIMIZATION_LEVEL = "-O";
			};
			name = Release;
		};
		C556221A22FC6785000A8C0C /* Debug */ = {
			isa = XCBuildConfiguration;
			buildSettings = {
				CODE_SIGN_STYLE = Automatic;
				PRODUCT_NAME = "$(TARGET_NAME)";
				SWIFT_VERSION = 5.0;
			};
			name = Debug;
		};
		C556221B22FC6785000A8C0C /* Release */ = {
			isa = XCBuildConfiguration;
			buildSettings = {
				CODE_SIGN_STYLE = Automatic;
				PRODUCT_NAME = "$(TARGET_NAME)";
				SWIFT_VERSION = 5.0;
			};
			name = Release;
		};
/* End XCBuildConfiguration section */

/* Begin XCConfigurationList section */
		C556220D22FC6785000A8C0C /* Build configuration list for PBXProject "CodingInterViews" */ = {
			isa = XCConfigurationList;
			buildConfigurations = (
				C556221722FC6785000A8C0C /* Debug */,
				C556221822FC6785000A8C0C /* Release */,
			);
			defaultConfigurationIsVisible = 0;
			defaultConfigurationName = Release;
		};
		C556221922FC6785000A8C0C /* Build configuration list for PBXNativeTarget "CodingInterViews" */ = {
			isa = XCConfigurationList;
			buildConfigurations = (
				C556221A22FC6785000A8C0C /* Debug */,
				C556221B22FC6785000A8C0C /* Release */,
			);
			defaultConfigurationIsVisible = 0;
			defaultConfigurationName = Release;
		};
/* End XCConfigurationList section */
	};
	rootObject = C556220A22FC6785000A8C0C /* Project object */;
}
